Microsoft Visual Studio Solution File, Format Version 12.00
# Visual Studio Version 17
VisualStudioVersion = 17.5.2.0
MinimumVisualStudioVersion = 10.0.40219.1
Project("{2150E333-8FDC-42A3-9474-1A3956D46DE8}") = "MLN", "MLN", "{37DD868F-79E1-0A52-735B-0A47A091319E}"
EndProject
Project("{FAE04EC0-301F-11D3-BF4B-00C04F79EFBC}") = "PhilosophyAPI", "BE\PhilosophyAPI.csproj", "{FBE61F70-F064-A491-236B-D325C3DFF3AA}"
EndProject
Global
	GlobalSection(SolutionConfigurationPlatforms) = preSolution
		Debug|Any CPU = Debug|Any CPU
		Release|Any CPU = Release|Any CPU
	EndGlobalSection
	GlobalSection(ProjectConfigurationPlatforms) = postSolution
		{FBE61F70-F064-A491-236B-D325C3DFF3AA}.Debug|Any CPU.ActiveCfg = Debug|Any CPU
		{FBE61F70-F064-A491-236B-D325C3DFF3AA}.Debug|Any CPU.Build.0 = Debug|Any CPU
		{FBE61F70-F064-A491-236B-D325C3DFF3AA}.Release|Any CPU.ActiveCfg = Release|Any CPU
		{FBE61F70-F064-A491-236B-D325C3DFF3AA}.Release|Any CPU.Build.0 = Release|Any CPU
	EndGlobalSection
	GlobalSection(SolutionProperties) = preSolution
		HideSolutionNode = FALSE
	EndGlobalSection
	GlobalSection(NestedProjects) = preSolution
		{FBE61F70-F064-A491-236B-D325C3DFF3AA} = {37DD868F-79E1-0A52-735B-0A47A091319E}
	EndGlobalSection
	GlobalSection(ExtensibilityGlobals) = postSolution
		SolutionGuid = {536C93FE-E6D2-427F-9981-04E55F8FAF5A}
	EndGlobalSection
EndGlobal
